
Microsoft Visual Studio Solution File, Format Version 12.00
# Visual Studio Version 17
VisualStudioVersion = 17.9.34728.123
MinimumVisualStudioVersion = 10.0.40219.1
Project("{FAE04EC0-301F-11D3-BF4B-00C04F79EFBC}") = "Ejemplo01", "Ejemplo01\Ejemplo01.csproj", "{0411AE80-1225-45AD-90FC-6E8853CBB87C}"
EndProject
Project("{FAE04EC0-301F-11D3-BF4B-00C04F79EFBC}") = "Ejemplo02", "Ejemplo02\Ejemplo02.csproj", "{2CD7968C-CCF0-41FC-93E6-C03CC907DB5E}"
EndProject
Project("{FAE04EC0-301F-11D3-BF4B-00C04F79EFBC}") = "Ejemplo03", "Ejemplo03\Ejemplo03.csproj", "{EF753477-1D6A-44BD-97C0-D29A7FF5625A}"
EndProject
Global
	GlobalSection(SolutionConfigurationPlatforms) = preSolution
		Debug|Any CPU = Debug|Any CPU
		Release|Any CPU = Release|Any CPU
	EndGlobalSection
	GlobalSection(ProjectConfigurationPlatforms) = postSolution
		{0411AE80-1225-45AD-90FC-6E8853CBB87C}.Debug|Any CPU.ActiveCfg = Debug|Any CPU
		{0411AE80-1225-45AD-90FC-6E8853CBB87C}.Debug|Any CPU.Build.0 = Debug|Any CPU
		{0411AE80-1225-45AD-90FC-6E8853CBB87C}.Release|Any CPU.ActiveCfg = Release|Any CPU
		{0411AE80-1225-45AD-90FC-6E8853CBB87C}.Release|Any CPU.Build.0 = Release|Any CPU
		{2CD7968C-CCF0-41FC-93E6-C03CC907DB5E}.Debug|Any CPU.ActiveCfg = Debug|Any CPU
		{2CD7968C-CCF0-41FC-93E6-C03CC907DB5E}.Debug|Any CPU.Build.0 = Debug|Any CPU
		{2CD7968C-CCF0-41FC-93E6-C03CC907DB5E}.Release|Any CPU.ActiveCfg = Release|Any CPU
		{2CD7968C-CCF0-41FC-93E6-C03CC907DB5E}.Release|Any CPU.Build.0 = Release|Any CPU
		{EF753477-1D6A-44BD-97C0-D29A7FF5625A}.Debug|Any CPU.ActiveCfg = Debug|Any CPU
		{EF753477-1D6A-44BD-97C0-D29A7FF5625A}.Debug|Any CPU.Build.0 = Debug|Any CPU
		{EF753477-1D6A-44BD-97C0-D29A7FF5625A}.Release|Any CPU.ActiveCfg = Release|Any CPU
		{EF753477-1D6A-44BD-97C0-D29A7FF5625A}.Release|Any CPU.Build.0 = Release|Any CPU
	EndGlobalSection
	GlobalSection(SolutionProperties) = preSolution
		HideSolutionNode = FALSE
	EndGlobalSection
	GlobalSection(ExtensibilityGlobals) = postSolution
		SolutionGuid = {FFA06FA6-F3B8-4166-8865-6FBA82BA4855}
	EndGlobalSection
EndGlobal
